// !$*UTF8*$!
{
	archiveVersion = 1;
	classes = {
	};
	objectVersion = 50;
	objects = {

/* Begin PBXBuildFile section */
		5A494EE8217EAC74005BD8B1 /* AppDelegate.swift in Sources */ = {isa = PBXBuildFile; fileRef = 5A494EE7217EAC74005BD8B1 /* AppDelegate.swift */; };
		5A494EED217EAC74005BD8B1 /* Main.storyboard in Resources */ = {isa = PBXBuildFile; fileRef = 5A494EEB217EAC74005BD8B1 /* Main.storyboard */; };
		5A494EEF217EAC76005BD8B1 /* Assets.xcassets in Resources */ = {isa = PBXBuildFile; fileRef = 5A494EEE217EAC76005BD8B1 /* Assets.xcassets */; };
		5A494EF2217EAC76005BD8B1 /* LaunchScreen.storyboard in Resources */ = {isa = PBXBuildFile; fileRef = 5A494EF0217EAC76005BD8B1 /* LaunchScreen.storyboard */; };
		5A494EFD217EAC76005BD8B1 /* CanvasTests.swift in Sources */ = {isa = PBXBuildFile; fileRef = 5A494EFC217EAC76005BD8B1 /* CanvasTests.swift */; };
		5A494F08217EAC76005BD8B1 /* CanvasUITests.swift in Sources */ = {isa = PBXBuildFile; fileRef = 5A494F07217EAC76005BD8B1 /* CanvasUITests.swift */; };
		5A494F16217EB0ED005BD8B1 /* CanvasViewController.swift in Sources */ = {isa = PBXBuildFile; fileRef = 5A494F15217EB0ED005BD8B1 /* CanvasViewController.swift */; };
/* End PBXBuildFile section */

/* Begin PBXContainerItemProxy section */
		5A494EF9217EAC76005BD8B1 /* PBXContainerItemProxy */ = {
			isa = PBXContainerItemProxy;
			containerPortal = 5A494EDC217EAC74005BD8B1 /* Project object */;
			proxyType = 1;
			remoteGlobalIDString = 5A494EE3217EAC74005BD8B1;
			remoteInfo = Canvas;
		};
		5A494F04217EAC76005BD8B1 /* PBXContainerItemProxy */ = {
			isa = PBXContainerItemProxy;
			containerPortal = 5A494EDC217EAC74005BD8B1 /* Project object */;
			proxyType = 1;
			remoteGlobalIDString = 5A494EE3217EAC74005BD8B1;
			remoteInfo = Canvas;
		};
/* End PBXContainerItemProxy section */

/* Begin PBXFileReference section */
		5A494EE4217EAC74005BD8B1 /* Canvas.app */ = {isa = PBXFileReference; explicitFileType = wrapper.application; includeInIndex = 0; path = Canvas.app; sourceTree = BUILT_PRODUCTS_DIR; };
		5A494EE7217EAC74005BD8B1 /* AppDelegate.swift */ = {isa = PBXFileReference; lastKnownFileType = sourcecode.swift; path = AppDelegate.swift; sourceTree = "<group>"; };
		5A494EEC217EAC74005BD8B1 /* Base */ = {isa = PBXFileReference; lastKnownFileType = file.storyboard; name = Base; path = Base.lproj/Main.storyboard; sourceTree = "<group>"; };
		5A494EEE217EAC76005BD8B1 /* Assets.xcassets */ = {isa = PBXFileReference; lastKnownFileType = folder.assetcatalog; path = Assets.xcassets; sourceTree = "<group>"; };
		5A494EF1217EAC76005BD8B1 /* Base */ = {isa = PBXFileReference; lastKnownFileType = file.storyboard; name = Base; path = Base.lproj/LaunchScreen.storyboard; sourceTree = "<group>"; };
		5A494EF3217EAC76005BD8B1 /* Info.plist */ = {isa = PBXFileReference; lastKnownFileType = text.plist.xml; path = Info.plist; sourceTree = "<group>"; };
		5A494EF8217EAC76005BD8B1 /* CanvasTests.xctest */ = {isa = PBXFileReference; explicitFileType = wrapper.cfbundle; includeInIndex = 0; path = CanvasTests.xctest; sourceTree = BUILT_PRODUCTS_DIR; };
		5A494EFC217EAC76005BD8B1 /* CanvasTests.swift */ = {isa = PBXFileReference; lastKnownFileType = sourcecode.swift; path = CanvasTests.swift; sourceTree = "<group>"; };
		5A494EFE217EAC76005BD8B1 /* Info.plist */ = {isa = PBXFileReference; lastKnownFileType = text.plist.xml; path = Info.plist; sourceTree = "<group>"; };
		5A494F03217EAC76005BD8B1 /* CanvasUITests.xctest */ = {isa = PBXFileReference; explicitFileType = wrapper.cfbundle; includeInIndex = 0; path = CanvasUITests.xctest; sourceTree = BUILT_PRODUCTS_DIR; };
		5A494F07217EAC76005BD8B1 /* CanvasUITests.swift */ = {isa = PBXFileReference; lastKnownFileType = sourcecode.swift; path = CanvasUITests.swift; sourceTree = "<group>"; };
		5A494F09217EAC76005BD8B1 /* Info.plist */ = {isa = PBXFileReference; lastKnownFileType = text.plist.xml; path = Info.plist; sourceTree = "<group>"; };
		5A494F15217EB0ED005BD8B1 /* CanvasViewController.swift */ = {isa = PBXFileReference; lastKnownFileType = sourcecode.swift; path = CanvasViewController.swift; sourceTree = "<group>"; };
/* End PBXFileReference section */

/* Begin PBXFrameworksBuildPhase section */
		5A494EE1217EAC74005BD8B1 /* Frameworks */ = {
			isa = PBXFrameworksBuildPhase;
			buildActionMask = 2147483647;
			files = (
			);
			runOnlyForDeploymentPostprocessing = 0;
		};
		5A494EF5217EAC76005BD8B1 /* Frameworks */ = {
			isa = PBXFrameworksBuildPhase;
			buildActionMask = 2147483647;
			files = (
			);
			runOnlyForDeploymentPostprocessing = 0;
		};
		5A494F00217EAC76005BD8B1 /* Frameworks */ = {
			isa = PBXFrameworksBuildPhase;
			buildActionMask = 2147483647;
			files = (
			);
			runOnlyForDeploymentPostprocessing = 0;
		};
/* End PBXFrameworksBuildPhase section */

/* Begin PBXGroup section */
		5A494EDB217EAC74005BD8B1 = {
			isa = PBXGroup;
			children = (
				5A494EE6217EAC74005BD8B1 /* Canvas */,
				5A494EFB217EAC76005BD8B1 /* CanvasTests */,
				5A494F06217EAC76005BD8B1 /* CanvasUITests */,
				5A494EE5217EAC74005BD8B1 /* Products */,
			);
			sourceTree = "<group>";
		};
		5A494EE5217EAC74005BD8B1 /* Products */ = {
			isa = PBXGroup;
			children = (
				5A494EE4217EAC74005BD8B1 /* Canvas.app */,
				5A494EF8217EAC76005BD8B1 /* CanvasTests.xctest */,
				5A494F03217EAC76005BD8B1 /* CanvasUITests.xctest */,
			);
			name = Products;
			sourceTree = "<group>";
		};
		5A494EE6217EAC74005BD8B1 /* Canvas */ = {
			isa = PBXGroup;
			children = (
				5A494EE7217EAC74005BD8B1 /* AppDelegate.swift */,
				5A494F15217EB0ED005BD8B1 /* CanvasViewController.swift */,
				5A494EEB217EAC74005BD8B1 /* Main.storyboard */,
				5A494EEE217EAC76005BD8B1 /* Assets.xcassets */,
				5A494EF0217EAC76005BD8B1 /* LaunchScreen.storyboard */,
				5A494EF3217EAC76005BD8B1 /* Info.plist */,
			);
			path = Canvas;
			sourceTree = "<group>";
		};
		5A494EFB217EAC76005BD8B1 /* CanvasTests */ = {
			isa = PBXGroup;
			children = (
				5A494EFC217EAC76005BD8B1 /* CanvasTests.swift */,
				5A494EFE217EAC76005BD8B1 /* Info.plist */,
			);
			path = CanvasTests;
			sourceTree = "<group>";
		};
		5A494F06217EAC76005BD8B1 /* CanvasUITests */ = {
			isa = PBXGroup;
			children = (
				5A494F07217EAC76005BD8B1 /* CanvasUITests.swift */,
				5A494F09217EAC76005BD8B1 /* Info.plist */,
			);
			path = CanvasUITests;
			sourceTree = "<group>";
		};
/* End PBXGroup section */

/* Begin PBXNativeTarget section */
		5A494EE3217EAC74005BD8B1 /* Canvas */ = {
			isa = PBXNativeTarget;
			buildConfigurationList = 5A494F0C217EAC76005BD8B1 /* Build configuration list for PBXNativeTarget "Canvas" */;
			buildPhases = (
				5A494EE0217EAC74005BD8B1 /* Sources */,
				5A494EE1217EAC74005BD8B1 /* Frameworks */,
				5A494EE2217EAC74005BD8B1 /* Resources */,
			);
			buildRules = (
			);
			dependencies = (
			);
			name = Canvas;
			productName = Canvas;
			productReference = 5A494EE4217EAC74005BD8B1 /* Canvas.app */;
			productType = "com.apple.product-type.application";
		};
		5A494EF7217EAC76005BD8B1 /* CanvasTests */ = {
			isa = PBXNativeTarget;
			buildConfigurationList = 5A494F0F217EAC76005BD8B1 /* Build configuration list for PBXNativeTarget "CanvasTests" */;
			buildPhases = (
				5A494EF4217EAC76005BD8B1 /* Sources */,
				5A494EF5217EAC76005BD8B1 /* Frameworks */,
				5A494EF6217EAC76005BD8B1 /* Resources */,
			);
			buildRules = (
			);
			dependencies = (
				5A494EFA217EAC76005BD8B1 /* PBXTargetDependency */,
			);
			name = CanvasTests;
			productName = CanvasTests;
			productReference = 5A494EF8217EAC76005BD8B1 /* CanvasTests.xctest */;
			productType = "com.apple.product-type.bundle.unit-test";
		};
		5A494F02217EAC76005BD8B1 /* CanvasUITests */ = {
			isa = PBXNativeTarget;
			buildConfigurationList = 5A494F12217EAC76005BD8B1 /* Build configuration list for PBXNativeTarget "CanvasUITests" */;
			buildPhases = (
				5A494EFF217EAC76005BD8B1 /* Sources */,
				5A494F00217EAC76005BD8B1 /* Frameworks */,
				5A494F01217EAC76005BD8B1 /* Resources */,
			);
			buildRules = (
			);
			dependencies = (
				5A494F05217EAC76005BD8B1 /* PBXTargetDependency */,
			);
			name = CanvasUITests;
			productName = CanvasUITests;
			productReference = 5A494F03217EAC76005BD8B1 /* CanvasUITests.xctest */;
			productType = "com.apple.product-type.bundle.ui-testing";
		};
/* End PBXNativeTarget section */

/* Begin PBXProject section */
		5A494EDC217EAC74005BD8B1 /* Project object */ = {
			isa = PBXProject;
			attributes = {
				LastSwiftUpdateCheck = 1000;
				LastUpgradeCheck = 1000;
				ORGANIZATIONNAME = rbradley;
				TargetAttributes = {
					5A494EE3217EAC74005BD8B1 = {
						CreatedOnToolsVersion = 10.0;
					};
					5A494EF7217EAC76005BD8B1 = {
						CreatedOnToolsVersion = 10.0;
						TestTargetID = 5A494EE3217EAC74005BD8B1;
					};
					5A494F02217EAC76005BD8B1 = {
						CreatedOnToolsVersion = 10.0;
						TestTargetID = 5A494EE3217EAC74005BD8B1;
					};
				};
			};
			buildConfigurationList = 5A494EDF217EAC74005BD8B1 /* Build configuration list for PBXProject "Canvas" */;
			compatibilityVersion = "Xcode 9.3";
			developmentRegion = en;
			hasScannedForEncodings = 0;
			knownRegions = (
				en,
				Base,
			);
			mainGroup = 5A494EDB217EAC74005BD8B1;
			productRefGroup = 5A494EE5217EAC74005BD8B1 /* Products */;
			projectDirPath = "";
			projectRoot = "";
			targets = (
				5A494EE3217EAC74005BD8B1 /* Canvas */,
				5A494EF7217EAC76005BD8B1 /* CanvasTests */,
				5A494F02217EAC76005BD8B1 /* CanvasUITests */,
			);
		};
/* End PBXProject section */

/* Begin PBXResourcesBuildPhase section */
		5A494EE2217EAC74005BD8B1 /* Resources */ = {
			isa = PBXResourcesBuildPhase;
			buildActionMask = 2147483647;
			files = (
				5A494EF2217EAC76005BD8B1 /* LaunchScreen.storyboard in Resources */,
				5A494EEF217EAC76005BD8B1 /* Assets.xcassets in Resources */,
				5A494EED217EAC74005BD8B1 /* Main.storyboard in Resources */,
			);
			runOnlyForDeploymentPostprocessing = 0;
		};
		5A494EF6217EAC76005BD8B1 /* Resources */ = {
			isa = PBXResourcesBuildPhase;
			buildActionMask = 2147483647;
			files = (
			);
			runOnlyForDeploymentPostprocessing = 0;
		};
		5A494F01217EAC76005BD8B1 /* Resources */ = {
			isa = PBXResourcesBuildPhase;
			buildActionMask = 2147483647;
			files = (
			);
			runOnlyForDeploymentPostprocessing = 0;
		};
/* End PBXResourcesBuildPhase section */

/* Begin PBXSourcesBuildPhase section */
		5A494EE0217EAC74005BD8B1 /* Sources */ = {
			isa = PBXSourcesBuildPhase;
			buildActionMask = 2147483647;
			files = (
				5A494F16217EB0ED005BD8B1 /* CanvasViewController.swift in Sources */,
				5A494EE8217EAC74005BD8B1 /* AppDelegate.swift in Sources */,
			);
			runOnlyForDeploymentPostprocessing = 0;
		};
		5A494EF4217EAC76005BD8B1 /* Sources */ = {
			isa = PBXSourcesBuildPhase;
			buildActionMask = 2147483647;
			files = (
				5A494EFD217EAC76005BD8B1 /* CanvasTests.swift in Sources */,
			);
			runOnlyForDeploymentPostprocessing = 0;
		};
		5A494EFF217EAC76005BD8B1 /* Sources */ = {
			isa = PBXSourcesBuildPhase;
			buildActionMask = 2147483647;
			files = (
				5A494F08217EAC76005BD8B1 /* CanvasUITests.swift in Sources */,
			);
			runOnlyForDeploymentPostprocessing = 0;
		};
/* End PBXSourcesBuildPhase section */

/* Begin PBXTargetDependency section */
		5A494EFA217EAC76005BD8B1 /* PBXTargetDependency */ = {
			isa = PBXTargetDependency;
			target = 5A494EE3217EAC74005BD8B1 /* Canvas */;
			targetProxy = 5A494EF9217EAC76005BD8B1 /* PBXContainerItemProxy */;
		};
		5A494F05217EAC76005BD8B1 /* PBXTargetDependency */ = {
			isa = PBXTargetDependency;
			target = 5A494EE3217EAC74005BD8B1 /* Canvas */;
			targetProxy = 5A494F04217EAC76005BD8B1 /* PBXContainerItemProxy */;
		};
/* End PBXTargetDependency section */

/* Begin PBXVariantGroup section */
		5A494EEB217EAC74005BD8B1 /* Main.storyboard */ = {
			isa = PBXVariantGroup;
			children = (
				5A494EEC217EAC74005BD8B1 /* Base */,
			);
			name = Main.storyboard;
			sourceTree = "<group>";
		};
		5A494EF0217EAC76005BD8B1 /* LaunchScreen.storyboard */ = {
			isa = PBXVariantGroup;
			children = (
				5A494EF1217EAC76005BD8B1 /* Base */,
			);
			name = LaunchScreen.storyboard;
			sourceTree = "<group>";
		};
/* End PBXVariantGroup section */

/* Begin XCBuildConfiguration section */
		5A494F0A217EAC76005BD8B1 /* Debug */ = {
			isa = XCBuildConfiguration;
			buildSettings = {
				ALWAYS_SEARCH_USER_PATHS = NO;
				CLANG_ANALYZER_NONNULL = YES;
				CLANG_ANALYZER_NUMBER_OBJECT_CONVERSION = YES_AGGRESSIVE;
				CLANG_CXX_LANGUAGE_STANDARD = "gnu++14";
				CLANG_CXX_LIBRARY = "libc++";
				CLANG_ENABLE_MODULES = YES;
				CLANG_ENABLE_OBJC_ARC = YES;
				CLANG_ENABLE_OBJC_WEAK = YES;
				CLANG_WARN_BLOCK_CAPTURE_AUTORELEASING = YES;
				CLANG_WARN_BOOL_CONVERSION = YES;
				CLANG_WARN_COMMA = YES;
				CLANG_WARN_CONSTANT_CONVERSION = YES;
				CLANG_WARN_DEPRECATED_OBJC_IMPLEMENTATIONS = YES;
				CLANG_WARN_DIRECT_OBJC_ISA_USAGE = YES_ERROR;
				CLANG_WARN_DOCUMENTATION_COMMENTS = YES;
				CLANG_WARN_EMPTY_BODY = YES;
				CLANG_WARN_ENUM_CONVERSION = YES;
				CLANG_WARN_INFINITE_RECURSION = YES;
				CLANG_WARN_INT_CONVERSION = YES;
				CLANG_WARN_NON_LITERAL_NULL_CONVERSION = YES;
				CLANG_WARN_OBJC_IMPLICIT_RETAIN_SELF = YES;
				CLANG_WARN_OBJC_LITERAL_CONVERSION = YES;
				CLANG_WARN_OBJC_ROOT_CLASS = YES_ERROR;
				CLANG_WARN_RANGE_LOOP_ANALYSIS = YES;
				CLANG_WARN_STRICT_PROTOTYPES = YES;
				CLANG_WARN_SUSPICIOUS_MOVE = YES;
				CLANG_WARN_UNGUARDED_AVAILABILITY = YES_AGGRESSIVE;
				CLANG_WARN_UNREACHABLE_CODE = YES;
				CLANG_WARN__DUPLICATE_METHOD_MATCH = YES;
				CODE_SIGN_IDENTITY = "iPhone Developer";
				COPY_PHASE_STRIP = NO;
				DEBUG_INFORMATION_FORMAT = dwarf;
				ENABLE_STRICT_OBJC_MSGSEND = YES;
				ENABLE_TESTABILITY = YES;
				GCC_C_LANGUAGE_STANDARD = gnu11;
				GCC_DYNAMIC_NO_PIC = NO;
				GCC_NO_COMMON_BLOCKS = YES;
				GCC_OPTIMIZATION_LEVEL = 0;
				GCC_PREPROCESSOR_DEFINITIONS = (
					"DEBUG=1",
					"$(inherited)",
				);
				GCC_WARN_64_TO_32_BIT_CONVERSION = YES;
				GCC_WARN_ABOUT_RETURN_TYPE = YES_ERROR;
				GCC_WARN_UNDECLARED_SELECTOR = YES;
				GCC_WARN_UNINITIALIZED_AUTOS = YES_AGGRESSIVE;
				GCC_WARN_UNUSED_FUNCTION = YES;
				GCC_WARN_UNUSED_VARIABLE = YES;
				IPHONEOS_DEPLOYMENT_TARGET = 12.0;
				MTL_ENABLE_DEBUG_INFO = INCLUDE_SOURCE;
				MTL_FAST_MATH = YES;
				ONLY_ACTIVE_ARCH = YES;
				SDKROOT = iphoneos;
				SWIFT_ACTIVE_COMPILATION_CONDITIONS = DEBUG;
				SWIFT_OPTIMIZATION_LEVEL = "-Onone";
			};
			name = Debug;
		};
		5A494F0B217EAC76005BD8B1 /* Release */ = {
			isa = XCBuildConfiguration;
			buildSettings = {
				ALWAYS_SEARCH_USER_PATHS = NO;
				CLANG_ANALYZER_NONNULL = YES;
				CLANG_ANALYZER_NUMBER_OBJECT_CONVERSION = YES_AGGRESSIVE;
				CLANG_CXX_LANGUAGE_STANDARD = "gnu++14";
				CLANG_CXX_LIBRARY = "libc++";
				CLANG_ENABLE_MODULES = YES;
				CLANG_ENABLE_OBJC_ARC = YES;
				CLANG_ENABLE_OBJC_WEAK = YES;
				CLANG_WARN_BLOCK_CAPTURE_AUTORELEASING = YES;
				CLANG_WARN_BOOL_CONVERSION = YES;
				CLANG_WARN_COMMA = YES;
				CLANG_WARN_CONSTANT_CONVERSION = YES;
				CLANG_WARN_DEPRECATED_OBJC_IMPLEMENTATIONS = YES;
				CLANG_WARN_DIRECT_OBJC_ISA_USAGE = YES_ERROR;
				CLANG_WARN_DOCUMENTATION_COMMENTS = YES;
				CLANG_WARN_EMPTY_BODY = YES;
				CLANG_WARN_ENUM_CONVERSION = YES;
				CLANG_WARN_INFINITE_RECURSION = YES;
				CLANG_WARN_INT_CONVERSION = YES;
				CLANG_WARN_NON_LITERAL_NULL_CONVERSION = YES;
				CLANG_WARN_OBJC_IMPLICIT_RETAIN_SELF = YES;
				CLANG_WARN_OBJC_LITERAL_CONVERSION = YES;
				CLANG_WARN_OBJC_ROOT_CLASS = YES_ERROR;
				CLANG_WARN_RANGE_LOOP_ANALYSIS = YES;
				CLANG_WARN_STRICT_PROTOTYPES = YES;
				CLANG_WARN_SUSPICIOUS_MOVE = YES;
				CLANG_WARN_UNGUARDED_AVAILABILITY = YES_AGGRESSIVE;
				CLANG_WARN_UNREACHABLE_CODE = YES;
				CLANG_WARN__DUPLICATE_METHOD_MATCH = YES;
				CODE_SIGN_IDENTITY = "iPhone Developer";
				COPY_PHASE_STRIP = NO;
				DEBUG_INFORMATION_FORMAT = "dwarf-with-dsym";
				ENABLE_NS_ASSERTIONS = NO;
				ENABLE_STRICT_OBJC_MSGSEND = YES;
				GCC_C_LANGUAGE_STANDARD = gnu11;
				GCC_NO_COMMON_BLOCKS = YES;
				GCC_WARN_64_TO_32_BIT_CONVERSION = YES;
				GCC_WARN_ABOUT_RETURN_TYPE = YES_ERROR;
				GCC_WARN_UNDECLARED_SELECTOR = YES;
				GCC_WARN_UNINITIALIZED_AUTOS = YES_AGGRESSIVE;
				GCC_WARN_UNUSED_FUNCTION = YES;
				GCC_WARN_UNUSED_VARIABLE = YES;
				IPHONEOS_DEPLOYMENT_TARGET = 12.0;
				MTL_ENABLE_DEBUG_INFO = NO;
				MTL_FAST_MATH = YES;
				SDKROOT = iphoneos;
				SWIFT_COMPILATION_MODE = wholemodule;
				SWIFT_OPTIMIZATION_LEVEL = "-O";
				VALIDATE_PRODUCT = YES;
			};
			name = Release;
		};
		5A494F0D217EAC76005BD8B1 /* Debug */ = {
			isa = XCBuildConfiguration;
			buildSettings = {
				ASSETCATALOG_COMPILER_APPICON_NAME = AppIcon;
				CODE_SIGN_STYLE = Automatic;
				INFOPLIST_FILE = Canvas/Info.plist;
				LD_RUNPATH_SEARCH_PATHS = (
					"$(inherited)",
					"@executable_path/Frameworks",
				);
				PRODUCT_BUNDLE_IDENTIFIER = rbradley.Canvas;
				PRODUCT_NAME = "$(TARGET_NAME)";
				SWIFT_VERSION = 4.2;
				TARGETED_DEVICE_FAMILY = "1,2";
			};
			name = Debug;
		};
		5A494F0E217EAC76005BD8B1 /* Release */ = {
			isa = XCBuildConfiguration;
			buildSettings = {
				ASSETCATALOG_COMPILER_APPICON_NAME = AppIcon;
				CODE_SIGN_STYLE = Automatic;
				INFOPLIST_FILE = Canvas/Info.plist;
				LD_RUNPATH_SEARCH_PATHS = (
					"$(inherited)",
					"@executable_path/Frameworks",
				);
				PRODUCT_BUNDLE_IDENTIFIER = rbradley.Canvas;
				PRODUCT_NAME = "$(TARGET_NAME)";
				SWIFT_VERSION = 4.2;
				TARGETED_DEVICE_FAMILY = "1,2";
			};
			name = Release;
		};
		5A494F10217EAC76005BD8B1 /* Debug */ = {
			isa = XCBuildConfiguration;
			buildSettings = {
				ALWAYS_EMBED_SWIFT_STANDARD_LIBRARIES = YES;
				BUNDLE_LOADER = "$(TEST_HOST)";
				CODE_SIGN_STYLE = Automatic;
				INFOPLIST_FILE = CanvasTests/Info.plist;
				LD_RUNPATH_SEARCH_PATHS = (
					"$(inherited)",
					"@executable_path/Frameworks",
					"@loader_path/Frameworks",
				);
				PRODUCT_BUNDLE_IDENTIFIER = rbradley.CanvasTests;
				PRODUCT_NAME = "$(TARGET_NAME)";
				SWIFT_VERSION = 4.2;
				TARGETED_DEVICE_FAMILY = "1,2";
				TEST_HOST = "$(BUILT_PRODUCTS_DIR)/Canvas.app/Canvas";
			};
			name = Debug;
		};
		5A494F11217EAC76005BD8B1 /* Release */ = {
			isa = XCBuildConfiguration;
			buildSettings = {
				ALWAYS_EMBED_SWIFT_STANDARD_LIBRARIES = YES;
				BUNDLE_LOADER = "$(TEST_HOST)";
				CODE_SIGN_STYLE = Automatic;
				INFOPLIST_FILE = CanvasTests/Info.plist;
				LD_RUNPATH_SEARCH_PATHS = (
					"$(inherited)",
					"@executable_path/Frameworks",
					"@loader_path/Frameworks",
				);
				PRODUCT_BUNDLE_IDENTIFIER = rbradley.CanvasTests;
				PRODUCT_NAME = "$(TARGET_NAME)";
				SWIFT_VERSION = 4.2;
				TARGETED_DEVICE_FAMILY = "1,2";
				TEST_HOST = "$(BUILT_PRODUCTS_DIR)/Canvas.app/Canvas";
			};
			name = Release;
		};
		5A494F13217EAC76005BD8B1 /* Debug */ = {
			isa = XCBuildConfiguration;
			buildSettings = {
				ALWAYS_EMBED_SWIFT_STANDARD_LIBRARIES = YES;
				CODE_SIGN_STYLE = Automatic;
				INFOPLIST_FILE = CanvasUITests/Info.plist;
				LD_RUNPATH_SEARCH_PATHS = (
					"$(inherited)",
					"@executable_path/Frameworks",
					"@loader_path/Frameworks",
				);
				PRODUCT_BUNDLE_IDENTIFIER = rbradley.CanvasUITests;
				PRODUCT_NAME = "$(TARGET_NAME)";
				SWIFT_VERSION = 4.2;
				TARGETED_DEVICE_FAMILY = "1,2";
				TEST_TARGET_NAME = Canvas;
			};
			name = Debug;
		};
		5A494F14217EAC76005BD8B1 /* Release */ = {
			isa = XCBuildConfiguration;
			buildSettings = {
				ALWAYS_EMBED_SWIFT_STANDARD_LIBRARIES = YES;
				CODE_SIGN_STYLE = Automatic;
				INFOPLIST_FILE = CanvasUITests/Info.plist;
				LD_RUNPATH_SEARCH_PATHS = (
					"$(inherited)",
					"@executable_path/Frameworks",
					"@loader_path/Frameworks",
				);
				PRODUCT_BUNDLE_IDENTIFIER = rbradley.CanvasUITests;
				PRODUCT_NAME = "$(TARGET_NAME)";
				SWIFT_VERSION = 4.2;
				TARGETED_DEVICE_FAMILY = "1,2";
				TEST_TARGET_NAME = Canvas;
			};
			name = Release;
		};
/* End XCBuildConfiguration section */

/* Begin XCConfigurationList section */
		5A494EDF217EAC74005BD8B1 /* Build configuration list for PBXProject "Canvas" */ = {
			isa = XCConfigurationList;
			buildConfigurations = (
				5A494F0A217EAC76005BD8B1 /* Debug */,
				5A494F0B217EAC76005BD8B1 /* Release */,
			);
			defaultConfigurationIsVisible = 0;
			defaultConfigurationName = Release;
		};
		5A494F0C217EAC76005BD8B1 /* Build configuration list for PBXNativeTarget "Canvas" */ = {
			isa = XCConfigurationList;
			buildConfigurations = (
				5A494F0D217EAC76005BD8B1 /* Debug */,
				5A494F0E217EAC76005BD8B1 /* Release */,
			);
			defaultConfigurationIsVisible = 0;
			defaultConfigurationName = Release;
		};
		5A494F0F217EAC76005BD8B1 /* Build configuration list for PBXNativeTarget "CanvasTests" */ = {
			isa = XCConfigurationList;
			buildConfigurations = (
				5A494F10217EAC76005BD8B1 /* Debug */,
				5A494F11217EAC76005BD8B1 /* Release */,
			);
			defaultConfigurationIsVisible = 0;
			defaultConfigurationName = Release;
		};
		5A494F12217EAC76005BD8B1 /* Build configuration list for PBXNativeTarget "CanvasUITests" */ = {
			isa = XCConfigurationList;
			buildConfigurations = (
				5A494F13217EAC76005BD8B1 /* Debug */,
				5A494F14217EAC76005BD8B1 /* Release */,
			);
			defaultConfigurationIsVisible = 0;
			defaultConfigurationName = Release;
		};
/* End XCConfigurationList section */
	};
	rootObject = 5A494EDC217EAC74005BD8B1 /* Project object */;
}
